<Solution>
  <Project Path="../../../../../../source/repos/FinancialApplication/FinancialApplication.Api/FinancialApplication.Api.csproj" />
  <Project Path="../../../../../../source/repos/FinancialApplication/FinancialApplication.Application/FinancialApplication.Application.csproj" />
  <Project Path="../../../../../../source/repos/FinancialApplication/FinancialApplication.Domain/FinancialApplication.Domain.csproj" />
  <Project Path="../../../../../../source/repos/FinancialApplication/FinancialApplication.Infrastructure/FinancialApplication.Infrastructure.csproj" />
  <Project Path="../../../../../../source/repos/FinancialApplication/FinancialApplication.Tests/FinancialApplication.Tests.csproj" />
  <Project Path="../../../../../../source/repos/FinancialApplication/ScheduledService/NewsDataUpdateService.csproj" />
</Solution>
